{
  "name": "ariadne",
  "version": "0.1.0",
  "lockfileVersion": 3,
  "requires": true,
  "packages": {
    "": {
      "name": "ariadne",
      "version": "0.1.0",
      "dependencies": {
        "backlog.md": "latest"
      }
    },
    "node_modules/backlog.md": {
      "version": "1.48.0",
      "resolved": "https://registry.npmjs.org/backlog.md/-/backlog.md-1.48.0.tgz",
      "integrity": "sha512-9IMWw9ojgsLvYHbZtsZ/m2XeoX3LBmdfdx1mUS/ymsU8NPDlE8DtsS+a8LOT5RiAoerYJwZvpoVUnm2LRxW8nw==",
      "license": "MIT",
      "bin": {
        "backlog": "cli.js"
      },
      "optionalDependencies": {
        "backlog.md-darwin-arm64": "1.48.0",
        "backlog.md-darwin-x64": "1.48.0",
        "backlog.md-linux-arm64": "1.48.0",
        "backlog.md-linux-x64": "1.48.0",
        "backlog.md-windows-arm64": "1.48.0",
        "backlog.md-windows-x64": "1.48.0"
      }
    },
    "node_modules/backlog.md-darwin-arm64": {
      "version": "1.48.0",
      "resolved": "https://registry.npmjs.org/backlog.md-darwin-arm64/-/backlog.md-darwin-arm64-1.48.0.tgz",
      "integrity": "sha512-g/CfNQfjKpm24O6Mc9nZ30zJJR3ZQFTLISz7OIVwdg0Sf0UfmCE00+jzYZnUVmWWAfV2MTZNm6Dqh1xw/Urd+w==",
      "cpu": [
        "arm64"
      ],
      "optional": true,
      "os": [
        "darwin"
      ]
    },
    "node_modules/backlog.md-darwin-x64": {
      "version": "1.48.0",
      "resolved": "https://registry.npmjs.org/backlog.md-darwin-x64/-/backlog.md-darwin-x64-1.48.0.tgz",
      "integrity": "sha512-/lRs0XgP0bGiuJXmSiZInpnUWJOc/yQAaP8q2KBlQaWdhKYtht2noY62dLixFpwmooryNdx0k18DBiVM5FZuCw==",
      "cpu": [
        "x64"
      ],
      "optional": true,
      "os": [
        "darwin"
      ]
    },
    "node_modules/backlog.md-linux-arm64": {
      "version": "1.48.0",
      "resolved": "https://registry.npmjs.org/backlog.md-linux-arm64/-/backlog.md-linux-arm64-1.48.0.tgz",
      "integrity": "sha512-Pw4bdZlkxzwe/NM/wy3W0Gy76TU0kiRmpfq1ryBjttmnUOJI5H92JxORXGt8ME+ExdAMygvyN24Qj7TsmmYs9A==",
      "cpu": [
        "arm64"
      ],
      "optional": true,
      "os": [
        "linux"
      ]
    },
    "node_modules/backlog.md-linux-x64": {
      "version": "1.48.0",
      "resolved": "https://registry.npmjs.org/backlog.md-linux-x64/-/backlog.md-linux-x64-1.48.0.tgz",
      "integrity": "sha512-dJ9YuiJdErOVkKFUryXILw/mAkCEeOcS6m0Vi9AaT0gMJ9smf0kSyTKFt3QClpR9VJjPY0XG1UhChlWrT8A4WQ==",
      "cpu": [
        "x64"
      ],
      "optional": true,
      "os": [
        "linux"
      ]
    },
    "node_modules/backlog.md-windows-arm64": {
      "version": "1.48.0",
      "resolved": "https://registry.npmjs.org/backlog.md-windows-arm64/-/backlog.md-windows-arm64-1.48.0.tgz",
      "integrity": "sha512-Q025PS2Qs4F9bZcY6u9ihNIU3eEQ/SKyXyop6FgBeC+OiCuEFEaVma6tqKYg+DuLSr3PrINOhpcxdcfaubf3zw==",
      "cpu": [
        "arm64"
      ],
      "optional": true,
      "os": [
        "win32"
      ]
    },
    "node_modules/backlog.md-windows-x64": {
      "version": "1.48.0",
      "resolved": "https://registry.npmjs.org/backlog.md-windows-x64/-/backlog.md-windows-x64-1.48.0.tgz",
      "integrity": "sha512-5THHykPK135+jpMCpf1dcFyDxQ6jB/zkcXUUhLZWkLLqm9kjdfFJhsP7Y2wycdTAXPjqoyk9eZGwgsY+QmiM0g==",
      "cpu": [
        "x64"
      ],
      "optional": true,
      "os": [
        "win32"
      ]
    }
  }
}
